# This file is automatically @generated by Cargo.
# It is not intended for manual editing.
version = 3

[[package]]
name = "geo-algebra"
version = "0.1.0"
dependencies = [
 "wrappr",
]

[[package]]
name = "wrappr"
version = "1.2.0"
source = "registry+https://github.com/rust-lang/crates.io-index"
checksum = "0d2806cb04949032ea4a616bd83def951329ef21d4f9719846d70ddd116b677e"
